// !$*UTF8*$!
{
	archiveVersion = 1;
	classes = {
	};
	objectVersion = 56;
	objects = {

/* Begin PBXBuildFile section */
		1A2B3C4D5E6F7890ABCD1234 /* PomodoroTimerApp.swift in Sources */ = {isa = PBXBuildFile; fileRef = 1A2B3C4D5E6F7890ABCD1235 /* PomodoroTimerApp.swift */; };
		1A2B3C4D5E6F7890ABCD1236 /* ContentView.swift in Sources */ = {isa = PBXBuildFile; fileRef = 1A2B3C4D5E6F7890ABCD1237 /* ContentView.swift */; };
		1A2B3C4D5E6F7890ABCD1238 /* TimerView.swift in Sources */ = {isa = PBXBuildFile; fileRef = 1A2B3C4D5E6F7890ABCD1239 /* TimerView.swift */; };
		1A2B3C4D5E6F7890ABCD123A /* CalendarView.swift in Sources */ = {isa = PBXBuildFile; fileRef = 1A2B3C4D5E6F7890ABCD123B /* CalendarView.swift */; };
		1A2B3C4D5E6F7890ABCD123C /* SettingsView.swift in Sources */ = {isa = PBXBuildFile; fileRef = 1A2B3C4D5E6F7890ABCD123D /* SettingsView.swift */; };
		1A2B3C4D5E6F7890ABCD1260 /* EventEditView.swift in Sources */ = {isa = PBXBuildFile; fileRef = 1A2B3C4D5E6F7890ABCD1261 /* EventEditView.swift */; };
		1A2B3C4D5E6F7890ABCD123E /* TimerModel.swift in Sources */ = {isa = PBXBuildFile; fileRef = 1A2B3C4D5E6F7890ABCD123F /* TimerModel.swift */; };
		1A2B3C4D5E6F7890ABCD1240 /* AudioManager.swift in Sources */ = {isa = PBXBuildFile; fileRef = 1A2B3C4D5E6F7890ABCD1241 /* AudioManager.swift */; };
		1A2B3C4D5E6F7890ABCD1242 /* EventModel.swift in Sources */ = {isa = PBXBuildFile; fileRef = 1A2B3C4D5E6F7890ABCD1243 /* EventModel.swift */; };
		1A2B3C4D5E6F7890ABCD1244 /* Assets.xcassets in Resources */ = {isa = PBXBuildFile; fileRef = 1A2B3C4D5E6F7890ABCD1245 /* Assets.xcassets */; };
		1A2B3C4D5E6F7890ABCD1246 /* Preview Assets.xcassets in Resources */ = {isa = PBXBuildFile; fileRef = 1A2B3C4D5E6F7890ABCD1247 /* Preview Assets.xcassets */; };

		A24C640CC4FC40E796D84059 /* SystemEvent.swift in Sources */ = {isa = PBXBuildFile; fileRef = 004107185AAF4BDA9CCB5836 /* SystemEvent.swift */; };
		FB93F2FB28B44882B2A81A29 /* SystemEventStore.swift in Sources */ = {isa = PBXBuildFile; fileRef = 893D3210DAE24EB3B76D4D5B /* SystemEventStore.swift */; };
		CF68A3113A0F4840B711F051 /* SystemEventMonitor.swift in Sources */ = {isa = PBXBuildFile; fileRef = 458E31C0939E43B3A7E61D11 /* SystemEventMonitor.swift */; };
		A3435E05B21C4C38A4423D0F /* ActivityMonitorManager.swift in Sources */ = {isa = PBXBuildFile; fileRef = 7D069E42CBED4E2781ECAE2E /* ActivityMonitorManager.swift */; };
		BC37C01153C14ED6B4BAACF8 /* ActivityStatsView.swift in Sources */ = {isa = PBXBuildFile; fileRef = 60283F027D8544698FF2E487 /* ActivityStatsView.swift */; };
		BEAC969A37E845D78BCE206B /* ActivitySettingsView.swift in Sources */ = {isa = PBXBuildFile; fileRef = 78FA65102F254A899C99BA8B /* ActivitySettingsView.swift */; };
		SYNC001122334455667788AA /* SyncManager.swift in Sources */ = {isa = PBXBuildFile; fileRef = SYNC001122334455667788BB /* SyncManager.swift */; };
		SYNC001122334455667788CC /* SyncView.swift in Sources */ = {isa = PBXBuildFile; fileRef = SYNC001122334455667788DD /* SyncView.swift */; };
		SYNC001122334455667788EE /* APIClient.swift in Sources */ = {isa = PBXBuildFile; fileRef = SYNC001122334455667788FF /* APIClient.swift */; };
/* End PBXBuildFile section */

/* Begin PBXFileReference section */
		1A2B3C4D5E6F7890ABCD1248 /* PomodoroTimer.app */ = {isa = PBXFileReference; explicitFileType = wrapper.application; includeInIndex = 0; path = PomodoroTimer.app; sourceTree = BUILT_PRODUCTS_DIR; };
		1A2B3C4D5E6F7890ABCD1235 /* PomodoroTimerApp.swift */ = {isa = PBXFileReference; lastKnownFileType = sourcecode.swift; path = PomodoroTimerApp.swift; sourceTree = "<group>"; };
		1A2B3C4D5E6F7890ABCD1237 /* ContentView.swift */ = {isa = PBXFileReference; lastKnownFileType = sourcecode.swift; path = ContentView.swift; sourceTree = "<group>"; };
		1A2B3C4D5E6F7890ABCD1239 /* TimerView.swift */ = {isa = PBXFileReference; lastKnownFileType = sourcecode.swift; path = TimerView.swift; sourceTree = "<group>"; };
		1A2B3C4D5E6F7890ABCD123B /* CalendarView.swift */ = {isa = PBXFileReference; lastKnownFileType = sourcecode.swift; path = CalendarView.swift; sourceTree = "<group>"; };
		1A2B3C4D5E6F7890ABCD123D /* SettingsView.swift */ = {isa = PBXFileReference; lastKnownFileType = sourcecode.swift; path = SettingsView.swift; sourceTree = "<group>"; };
		1A2B3C4D5E6F7890ABCD1261 /* EventEditView.swift */ = {isa = PBXFileReference; lastKnownFileType = sourcecode.swift; path = EventEditView.swift; sourceTree = "<group>"; };
		1A2B3C4D5E6F7890ABCD123F /* TimerModel.swift */ = {isa = PBXFileReference; lastKnownFileType = sourcecode.swift; path = TimerModel.swift; sourceTree = "<group>"; };
		1A2B3C4D5E6F7890ABCD1241 /* AudioManager.swift */ = {isa = PBXFileReference; lastKnownFileType = sourcecode.swift; path = AudioManager.swift; sourceTree = "<group>"; };
		1A2B3C4D5E6F7890ABCD1243 /* EventModel.swift */ = {isa = PBXFileReference; lastKnownFileType = sourcecode.swift; path = EventModel.swift; sourceTree = "<group>"; };
		1A2B3C4D5E6F7890ABCD1245 /* Assets.xcassets */ = {isa = PBXFileReference; lastKnownFileType = folder.assetcatalog; path = Assets.xcassets; sourceTree = "<group>"; };
		1A2B3C4D5E6F7890ABCD1247 /* Preview Assets.xcassets */ = {isa = PBXFileReference; lastKnownFileType = folder.assetcatalog; path = "Preview Assets.xcassets"; sourceTree = "<group>"; };
		1A2B3C4D5E6F7890ABCD1249 /* PomodoroTimer.entitlements */ = {isa = PBXFileReference; lastKnownFileType = text.plist.entitlements; path = PomodoroTimer.entitlements; sourceTree = "<group>"; };

		004107185AAF4BDA9CCB5836 /* SystemEvent.swift */ = {isa = PBXFileReference; lastKnownFileType = sourcecode.swift; path = SystemEvent.swift; sourceTree = "<group>"; };
		893D3210DAE24EB3B76D4D5B /* SystemEventStore.swift */ = {isa = PBXFileReference; lastKnownFileType = sourcecode.swift; path = SystemEventStore.swift; sourceTree = "<group>"; };
		458E31C0939E43B3A7E61D11 /* SystemEventMonitor.swift */ = {isa = PBXFileReference; lastKnownFileType = sourcecode.swift; path = SystemEventMonitor.swift; sourceTree = "<group>"; };
		7D069E42CBED4E2781ECAE2E /* ActivityMonitorManager.swift */ = {isa = PBXFileReference; lastKnownFileType = sourcecode.swift; path = ActivityMonitorManager.swift; sourceTree = "<group>"; };
		60283F027D8544698FF2E487 /* ActivityStatsView.swift */ = {isa = PBXFileReference; lastKnownFileType = sourcecode.swift; path = ActivityStatsView.swift; sourceTree = "<group>"; };
		78FA65102F254A899C99BA8B /* ActivitySettingsView.swift */ = {isa = PBXFileReference; lastKnownFileType = sourcecode.swift; path = ActivitySettingsView.swift; sourceTree = "<group>"; };
		SYNC001122334455667788BB /* SyncManager.swift */ = {isa = PBXFileReference; lastKnownFileType = sourcecode.swift; path = SyncManager.swift; sourceTree = "<group>"; };
		SYNC001122334455667788DD /* SyncView.swift */ = {isa = PBXFileReference; lastKnownFileType = sourcecode.swift; path = SyncView.swift; sourceTree = "<group>"; };
		SYNC001122334455667788FF /* APIClient.swift */ = {isa = PBXFileReference; lastKnownFileType = sourcecode.swift; path = APIClient.swift; sourceTree = "<group>"; };
/* End PBXFileReference section */

/* Begin PBXFrameworksBuildPhase section */
		1A2B3C4D5E6F7890ABCD124A /* Frameworks */ = {
			isa = PBXFrameworksBuildPhase;
			buildActionMask = 2147483647;
			files = (
			);
			runOnlyForDeploymentPostprocessing = 0;
		};
/* End PBXFrameworksBuildPhase section */

/* Begin PBXGroup section */
		1A2B3C4D5E6F7890ABCD124B /* */ = {
			isa = PBXGroup;
			children = (
				1A2B3C4D5E6F7890ABCD124C /* PomodoroTimer */,
				1A2B3C4D5E6F7890ABCD124D /* Products */,
			);
			sourceTree = "<group>";
		};
		1A2B3C4D5E6F7890ABCD124D /* Products */ = {
			isa = PBXGroup;
			children = (
				1A2B3C4D5E6F7890ABCD1248 /* PomodoroTimer.app */,
			);
			name = Products;
			sourceTree = "<group>";
		};
		1A2B3C4D5E6F7890ABCD124C /* PomodoroTimer */ = {
			isa = PBXGroup;
			children = (
				1A2B3C4D5E6F7890ABCD1235 /* PomodoroTimerApp.swift */,
				1A2B3C4D5E6F7890ABCD124E /* Views */,
				1A2B3C4D5E6F7890ABCD124F /* Models */,
				1A2B3C4D5E6F7890ABCD1250 /* Managers */,
				1A2B3C4D5E6F7890ABCD1245 /* Assets.xcassets */,
				1A2B3C4D5E6F7890ABCD1249 /* PomodoroTimer.entitlements */,
				1A2B3C4D5E6F7890ABCD1251 /* Preview Content */,
			);
			path = PomodoroTimer;
			sourceTree = "<group>";
		};
		1A2B3C4D5E6F7890ABCD124E /* Views */ = {
			isa = PBXGroup;
			children = (
				1A2B3C4D5E6F7890ABCD1237 /* ContentView.swift */,
				1A2B3C4D5E6F7890ABCD1239 /* TimerView.swift */,
				1A2B3C4D5E6F7890ABCD123B /* CalendarView.swift */,
				1A2B3C4D5E6F7890ABCD123D /* SettingsView.swift */,
				1A2B3C4D5E6F7890ABCD1261 /* EventEditView.swift */,

				60283F027D8544698FF2E487 /* ActivityStatsView.swift */,
				78FA65102F254A899C99BA8B /* ActivitySettingsView.swift */,
				SYNC001122334455667788DD /* SyncView.swift */,
			);
			path = Views;
			sourceTree = "<group>";
		};
		1A2B3C4D5E6F7890ABCD124F /* Models */ = {
			isa = PBXGroup;
			children = (
				1A2B3C4D5E6F7890ABCD123F /* TimerModel.swift */,
				1A2B3C4D5E6F7890ABCD1243 /* EventModel.swift */,
			
				004107185AAF4BDA9CCB5836 /* SystemEvent.swift */,
			);
			path = Models;
			sourceTree = "<group>";
		};
		1A2B3C4D5E6F7890ABCD1250 /* Managers */ = {
			isa = PBXGroup;
			children = (
				1A2B3C4D5E6F7890ABCD1241 /* AudioManager.swift */,

				893D3210DAE24EB3B76D4D5B /* SystemEventStore.swift */,
				458E31C0939E43B3A7E61D11 /* SystemEventMonitor.swift */,
				7D069E42CBED4E2781ECAE2E /* ActivityMonitorManager.swift */,
				SYNC001122334455667788BB /* SyncManager.swift */,
				SYNC001122334455667788FF /* APIClient.swift */,
			);
			path = Managers;
			sourceTree = "<group>";
		};
		1A2B3C4D5E6F7890ABCD1251 /* Preview Content */ = {
			isa = PBXGroup;
			children = (
				1A2B3C4D5E6F7890ABCD1247 /* Preview Assets.xcassets */,
			);
			path = "Preview Content";
			sourceTree = "<group>";
		};
/* End PBXGroup section */

/* Begin PBXNativeTarget section */
		1A2B3C4D5E6F7890ABCD1252 /* PomodoroTimer */ = {
			isa = PBXNativeTarget;
			buildConfigurationList = 1A2B3C4D5E6F7890ABCD1253 /* Build configuration list for PBXNativeTarget "PomodoroTimer" */;
			buildPhases = (
				1A2B3C4D5E6F7890ABCD1254 /* Sources */,
				1A2B3C4D5E6F7890ABCD124A /* Frameworks */,
				1A2B3C4D5E6F7890ABCD1255 /* Resources */,
			);
			buildRules = (
			);
			dependencies = (
			);
			name = PomodoroTimer;
			productName = PomodoroTimer;
			productReference = 1A2B3C4D5E6F7890ABCD1248 /* PomodoroTimer.app */;
			productType = "com.apple.product-type.application";
		};
/* End PBXNativeTarget section */

/* Begin PBXProject section */
		1A2B3C4D5E6F7890ABCD1256 /* Project object */ = {
			isa = PBXProject;
			attributes = {
				BuildIndependentTargetsInParallel = 1;
				LastSwiftUpdateCheck = 1500;
				LastUpgradeCheck = 1500;
				TargetAttributes = {
					1A2B3C4D5E6F7890ABCD1252 = {
						CreatedOnToolsVersion = 15.0;
					};
				};
			};
			buildConfigurationList = 1A2B3C4D5E6F7890ABCD1257 /* Build configuration list for PBXProject "PomodoroTimer" */;
			compatibilityVersion = "Xcode 14.0";
			developmentRegion = en;
			hasScannedForEncodings = 0;
			knownRegions = (
				en,
				Base,
			);
			mainGroup = 1A2B3C4D5E6F7890ABCD124B /* */;
			productRefGroup = 1A2B3C4D5E6F7890ABCD124D /* Products */;
			projectDirPath = "";
			projectRoot = "";
			targets = (
				1A2B3C4D5E6F7890ABCD1252 /* PomodoroTimer */,
			);
		};
/* End PBXProject section */

/* Begin PBXResourcesBuildPhase section */
		1A2B3C4D5E6F7890ABCD1255 /* Resources */ = {
			isa = PBXResourcesBuildPhase;
			buildActionMask = 2147483647;
			files = (
				1A2B3C4D5E6F7890ABCD1246 /* Preview Assets.xcassets in Resources */,
				1A2B3C4D5E6F7890ABCD1244 /* Assets.xcassets in Resources */,
			);
			runOnlyForDeploymentPostprocessing = 0;
		};
/* End PBXResourcesBuildPhase section */

/* Begin PBXSourcesBuildPhase section */
		1A2B3C4D5E6F7890ABCD1254 /* Sources */ = {
			isa = PBXSourcesBuildPhase;
			buildActionMask = 2147483647;
			files = (
				1A2B3C4D5E6F7890ABCD1236 /* ContentView.swift in Sources */,
				1A2B3C4D5E6F7890ABCD1238 /* TimerView.swift in Sources */,
				1A2B3C4D5E6F7890ABCD123A /* CalendarView.swift in Sources */,
				1A2B3C4D5E6F7890ABCD123C /* SettingsView.swift in Sources */,
				1A2B3C4D5E6F7890ABCD1260 /* EventEditView.swift in Sources */,
				1A2B3C4D5E6F7890ABCD123E /* TimerModel.swift in Sources */,
				1A2B3C4D5E6F7890ABCD1240 /* AudioManager.swift in Sources */,
				1A2B3C4D5E6F7890ABCD1242 /* EventModel.swift in Sources */,
				1A2B3C4D5E6F7890ABCD1234 /* PomodoroTimerApp.swift in Sources */,
			
				A24C640CC4FC40E796D84059 /* SystemEvent.swift in Sources */,
				FB93F2FB28B44882B2A81A29 /* SystemEventStore.swift in Sources */,
				CF68A3113A0F4840B711F051 /* SystemEventMonitor.swift in Sources */,
				A3435E05B21C4C38A4423D0F /* ActivityMonitorManager.swift in Sources */,
				BC37C01153C14ED6B4BAACF8 /* ActivityStatsView.swift in Sources */,
				BEAC969A37E845D78BCE206B /* ActivitySettingsView.swift in Sources */,
				SYNC001122334455667788AA /* SyncManager.swift in Sources */,
				SYNC001122334455667788CC /* SyncView.swift in Sources */,
				SYNC001122334455667788EE /* APIClient.swift in Sources */,
			);
			runOnlyForDeploymentPostprocessing = 0;
		};
/* End PBXSourcesBuildPhase section */

/* Begin XCBuildConfiguration section */
		1A2B3C4D5E6F7890ABCD1258 /* Debug */ = {
			isa = XCBuildConfiguration;
			buildSettings = {
				ALWAYS_SEARCH_USER_PATHS = NO;
				CLANG_ANALYZER_NONNULL = YES;
				CLANG_ANALYZER_NUMBER_OBJECT_CONVERSION = YES_AGGRESSIVE;
				CLANG_CXX_LANGUAGE_STANDARD = "gnu++20";
				CLANG_ENABLE_MODULES = YES;
				CLANG_ENABLE_OBJC_ARC = YES;
				CLANG_ENABLE_OBJC_WEAK = YES;
				CLANG_WARN_BLOCK_CAPTURE_AUTORELEASING = YES;
				CLANG_WARN_BOOL_CONVERSION = YES;
				CLANG_WARN_COMMA = YES;
				CLANG_WARN_CONSTANT_CONVERSION = YES;
				CLANG_WARN_DEPRECATED_OBJC_IMPLEMENTATIONS = YES;
				CLANG_WARN_DIRECT_OBJC_ISA_USAGE = YES_ERROR;
				CLANG_WARN_DOCUMENTATION_COMMENTS = YES;
				CLANG_WARN_EMPTY_BODY = YES;
				CLANG_WARN_ENUM_CONVERSION = YES;
				CLANG_WARN_INFINITE_RECURSION = YES;
				CLANG_WARN_INT_CONVERSION = YES;
				CLANG_WARN_NON_LITERAL_NULL_CONVERSION = YES;
				CLANG_WARN_OBJC_IMPLICIT_RETAIN_SELF = YES;
				CLANG_WARN_OBJC_LITERAL_CONVERSION = YES;
				CLANG_WARN_OBJC_ROOT_CLASS = YES_ERROR;
				CLANG_WARN_QUOTED_INCLUDE_IN_FRAMEWORK_HEADER = YES;
				CLANG_WARN_RANGE_LOOP_ANALYSIS = YES;
				CLANG_WARN_STRICT_PROTOTYPES = YES;
				CLANG_WARN_SUSPICIOUS_MOVE = YES;
				CLANG_WARN_UNGUARDED_AVAILABILITY = YES_AGGRESSIVE;
				CLANG_WARN_UNREACHABLE_CODE = YES;
				CLANG_WARN__DUPLICATE_METHOD_MATCH = YES;
				COPY_PHASE_STRIP = NO;
				DEBUG_INFORMATION_FORMAT = dwarf;
				ENABLE_STRICT_OBJC_MSGSEND = YES;
				ENABLE_TESTABILITY = YES;
				GCC_C_LANGUAGE_STANDARD = gnu11;
				GCC_DYNAMIC_NO_PIC = NO;
				GCC_NO_COMMON_BLOCKS = YES;
				GCC_OPTIMIZATION_LEVEL = 0;
				GCC_PREPROCESSOR_DEFINITIONS = (
					"DEBUG=1",
					"$(inherited)",
				);
				GCC_WARN_64_TO_32_BIT_CONVERSION = YES;
				GCC_WARN_ABOUT_RETURN_TYPE = YES_ERROR;
				GCC_WARN_UNDECLARED_SELECTOR = YES;
				GCC_WARN_UNINITIALIZED_AUTOS = YES_AGGRESSIVE;
				GCC_WARN_UNUSED_FUNCTION = YES;
				GCC_WARN_UNUSED_VARIABLE = YES;
				IPHONEOS_DEPLOYMENT_TARGET = 16.0;
				MACOSX_DEPLOYMENT_TARGET = 13.0;
				MTL_ENABLE_DEBUG_INFO = INCLUDE_SOURCE;
				MTL_FAST_MATH = YES;
				ONLY_ACTIVE_ARCH = YES;
				SWIFT_ACTIVE_COMPILATION_CONDITIONS = DEBUG;
				SWIFT_OPTIMIZATION_LEVEL = "-Onone";
			};
			name = Debug;
		};
		1A2B3C4D5E6F7890ABCD1259 /* Release */ = {
			isa = XCBuildConfiguration;
			buildSettings = {
				ALWAYS_SEARCH_USER_PATHS = NO;
				CLANG_ANALYZER_NONNULL = YES;
				CLANG_ANALYZER_NUMBER_OBJECT_CONVERSION = YES_AGGRESSIVE;
				CLANG_CXX_LANGUAGE_STANDARD = "gnu++20";
				CLANG_ENABLE_MODULES = YES;
				CLANG_ENABLE_OBJC_ARC = YES;
				CLANG_ENABLE_OBJC_WEAK = YES;
				CLANG_WARN_BLOCK_CAPTURE_AUTORELEASING = YES;
				CLANG_WARN_BOOL_CONVERSION = YES;
				CLANG_WARN_COMMA = YES;
				CLANG_WARN_CONSTANT_CONVERSION = YES;
				CLANG_WARN_DEPRECATED_OBJC_IMPLEMENTATIONS = YES;
				CLANG_WARN_DIRECT_OBJC_ISA_USAGE = YES_ERROR;
				CLANG_WARN_DOCUMENTATION_COMMENTS = YES;
				CLANG_WARN_EMPTY_BODY = YES;
				CLANG_WARN_ENUM_CONVERSION = YES;
				CLANG_WARN_INFINITE_RECURSION = YES;
				CLANG_WARN_INT_CONVERSION = YES;
				CLANG_WARN_NON_LITERAL_NULL_CONVERSION = YES;
				CLANG_WARN_OBJC_IMPLICIT_RETAIN_SELF = YES;
				CLANG_WARN_OBJC_LITERAL_CONVERSION = YES;
				CLANG_WARN_OBJC_ROOT_CLASS = YES_ERROR;
				CLANG_WARN_QUOTED_INCLUDE_IN_FRAMEWORK_HEADER = YES;
				CLANG_WARN_RANGE_LOOP_ANALYSIS = YES;
				CLANG_WARN_STRICT_PROTOTYPES = YES;
				CLANG_WARN_SUSPICIOUS_MOVE = YES;
				CLANG_WARN_UNGUARDED_AVAILABILITY = YES_AGGRESSIVE;
				CLANG_WARN_UNREACHABLE_CODE = YES;
				CLANG_WARN__DUPLICATE_METHOD_MATCH = YES;
				COPY_PHASE_STRIP = NO;
				DEBUG_INFORMATION_FORMAT = "dwarf-with-dsym";
				ENABLE_NS_ASSERTIONS = NO;
				ENABLE_STRICT_OBJC_MSGSEND = YES;
				GCC_C_LANGUAGE_STANDARD = gnu11;
				GCC_NO_COMMON_BLOCKS = YES;
				GCC_WARN_64_TO_32_BIT_CONVERSION = YES;
				GCC_WARN_ABOUT_RETURN_TYPE = YES_ERROR;
				GCC_WARN_UNDECLARED_SELECTOR = YES;
				GCC_WARN_UNINITIALIZED_AUTOS = YES_AGGRESSIVE;
				GCC_WARN_UNUSED_FUNCTION = YES;
				GCC_WARN_UNUSED_VARIABLE = YES;
				IPHONEOS_DEPLOYMENT_TARGET = 16.0;
				MACOSX_DEPLOYMENT_TARGET = 13.0;
				MTL_ENABLE_DEBUG_INFO = NO;
				MTL_FAST_MATH = YES;
				SWIFT_COMPILATION_MODE = wholemodule;
				SWIFT_OPTIMIZATION_LEVEL = "-O";
			};
			name = Release;
		};
		1A2B3C4D5E6F7890ABCD125A /* Debug */ = {
			isa = XCBuildConfiguration;
			buildSettings = {
				ASSETCATALOG_COMPILER_APPICON_NAME = AppIcon;
				ASSETCATALOG_COMPILER_GLOBAL_ACCENT_COLOR_NAME = AccentColor;
				CODE_SIGN_ENTITLEMENTS = PomodoroTimer/PomodoroTimer.entitlements;
				CODE_SIGN_STYLE = Automatic;
				CURRENT_PROJECT_VERSION = 1;
				DEVELOPMENT_ASSET_PATHS = "\"PomodoroTimer/Preview Content\"";
				DEVELOPMENT_TEAM = "";
				ENABLE_HARDENED_RUNTIME = YES;
				ENABLE_PREVIEWS = YES;
				GENERATE_INFOPLIST_FILE = YES;
				INFOPLIST_KEY_CFBundleDisplayName = "番茄钟";
				INFOPLIST_KEY_LSApplicationCategoryType = "public.app-category.productivity";
				"INFOPLIST_KEY_UIApplicationSceneManifest_Generation" = YES;
				"INFOPLIST_KEY_UIApplicationSupportsIndirectInputEvents" = YES;
				INFOPLIST_KEY_UILaunchScreen_Generation = YES;
				INFOPLIST_KEY_UISupportedInterfaceOrientations_iPad = "UIInterfaceOrientationPortrait UIInterfaceOrientationPortraitUpsideDown UIInterfaceOrientationLandscapeLeft UIInterfaceOrientationLandscapeRight";
				INFOPLIST_KEY_UISupportedInterfaceOrientations_iPhone = "UIInterfaceOrientationPortrait UIInterfaceOrientationLandscapeLeft UIInterfaceOrientationLandscapeRight";
				IPHONEOS_DEPLOYMENT_TARGET = 16.0;
				LD_RUNPATH_SEARCH_PATHS = (
					"$(inherited)",
					"@executable_path/Frameworks",
				);
				MACOSX_DEPLOYMENT_TARGET = 13.0;
				MARKETING_VERSION = 1.0;
				PRODUCT_BUNDLE_IDENTIFIER = com.yourcompany.PomodoroTimer;
				PRODUCT_NAME = "$(TARGET_NAME)";
				SUPPORTED_PLATFORMS = "iphoneos iphonesimulator macosx";
				SUPPORTS_MACCATALYST = NO;
				SUPPORTS_MAC_DESIGNED_FOR_IPHONE_IPAD = NO;
				SWIFT_EMIT_LOC_STRINGS = YES;
				SWIFT_VERSION = 5.0;
				TARGETED_DEVICE_FAMILY = "1,2";
			};
			name = Debug;
		};
		1A2B3C4D5E6F7890ABCD125B /* Release */ = {
			isa = XCBuildConfiguration;
			buildSettings = {
				ASSETCATALOG_COMPILER_APPICON_NAME = AppIcon;
				ASSETCATALOG_COMPILER_GLOBAL_ACCENT_COLOR_NAME = AccentColor;
				CODE_SIGN_ENTITLEMENTS = PomodoroTimer/PomodoroTimer.entitlements;
				CODE_SIGN_STYLE = Automatic;
				CURRENT_PROJECT_VERSION = 1;
				DEVELOPMENT_ASSET_PATHS = "\"PomodoroTimer/Preview Content\"";
				DEVELOPMENT_TEAM = "";
				ENABLE_HARDENED_RUNTIME = YES;
				ENABLE_PREVIEWS = YES;
				GENERATE_INFOPLIST_FILE = YES;
				INFOPLIST_KEY_CFBundleDisplayName = "番茄钟";
				INFOPLIST_KEY_LSApplicationCategoryType = "public.app-category.productivity";
				"INFOPLIST_KEY_UIApplicationSceneManifest_Generation" = YES;
				"INFOPLIST_KEY_UIApplicationSupportsIndirectInputEvents" = YES;
				INFOPLIST_KEY_UILaunchScreen_Generation = YES;
				INFOPLIST_KEY_UISupportedInterfaceOrientations_iPad = "UIInterfaceOrientationPortrait UIInterfaceOrientationPortraitUpsideDown UIInterfaceOrientationLandscapeLeft UIInterfaceOrientationLandscapeRight";
				INFOPLIST_KEY_UISupportedInterfaceOrientations_iPhone = "UIInterfaceOrientationPortrait UIInterfaceOrientationLandscapeLeft UIInterfaceOrientationLandscapeRight";
				IPHONEOS_DEPLOYMENT_TARGET = 16.0;
				LD_RUNPATH_SEARCH_PATHS = (
					"$(inherited)",
					"@executable_path/Frameworks",
				);
				MACOSX_DEPLOYMENT_TARGET = 13.0;
				MARKETING_VERSION = 1.0;
				PRODUCT_BUNDLE_IDENTIFIER = com.yourcompany.PomodoroTimer;
				PRODUCT_NAME = "$(TARGET_NAME)";
				SUPPORTED_PLATFORMS = "iphoneos iphonesimulator macosx";
				SUPPORTS_MACCATALYST = NO;
				SUPPORTS_MAC_DESIGNED_FOR_IPHONE_IPAD = NO;
				SWIFT_EMIT_LOC_STRINGS = YES;
				SWIFT_VERSION = 5.0;
				TARGETED_DEVICE_FAMILY = "1,2";
			};
			name = Release;
		};
/* End XCBuildConfiguration section */

/* Begin XCConfigurationList section */
		1A2B3C4D5E6F7890ABCD1257 /* Build configuration list for PBXProject "PomodoroTimer" */ = {
			isa = XCConfigurationList;
			buildConfigurations = (
				1A2B3C4D5E6F7890ABCD1258 /* Debug */,
				1A2B3C4D5E6F7890ABCD1259 /* Release */,
			);
			defaultConfigurationIsVisible = 0;
			defaultConfigurationName = Release;
		};
		1A2B3C4D5E6F7890ABCD1253 /* Build configuration list for PBXNativeTarget "PomodoroTimer" */ = {
			isa = XCConfigurationList;
			buildConfigurations = (
				1A2B3C4D5E6F7890ABCD125A /* Debug */,
				1A2B3C4D5E6F7890ABCD125B /* Release */,
			);
			defaultConfigurationIsVisible = 0;
			defaultConfigurationName = Release;
		};
/* End XCConfigurationList section */
	};
	rootObject = 1A2B3C4D5E6F7890ABCD1256 /* Project object */;
}