// !$*UTF8*$!
{
	archiveVersion = 1;
	classes = {
	};
	objectVersion = 56;
	objects = {

/* Begin PBXBuildFile section */
		1A2B3C4D5E6F7890ABCD1234 /* LifeTimerApp.swift in Sources */ = {isa = PBXBuildFile; fileRef = 1A2B3C4D5E6F7890ABCD1235 /* LifeTimerApp.swift */; };
		1A2B3C4D5E6F7890ABCD1236 /* ContentView.swift in Sources */ = {isa = PBXBuildFile; fileRef = 1A2B3C4D5E6F7890ABCD1237 /* ContentView.swift */; };
		1A2B3C4D5E6F7890ABCD1238 /* TimerView.swift in Sources */ = {isa = PBXBuildFile; fileRef = 1A2B3C4D5E6F7890ABCD1239 /* TimerView.swift */; };
		1A2B3C4D5E6F7890ABCD123A /* CalendarView.swift in Sources */ = {isa = PBXBuildFile; fileRef = 1A2B3C4D5E6F7890ABCD123B /* CalendarView.swift */; };
		1A2B3C4D5E6F7890ABCD123C /* SettingsView.swift in Sources */ = {isa = PBXBuildFile; fileRef = 1A2B3C4D5E6F7890ABCD123D /* SettingsView.swift */; };
		1A2B3C4D5E6F7890ABCD123E /* TimerModel.swift in Sources */ = {isa = PBXBuildFile; fileRef = 1A2B3C4D5E6F7890ABCD123F /* TimerModel.swift */; };
		1A2B3C4D5E6F7890ABCD1240 /* AudioManager.swift in Sources */ = {isa = PBXBuildFile; fileRef = 1A2B3C4D5E6F7890ABCD1241 /* AudioManager.swift */; };
		1A2B3C4D5E6F7890ABCD1242 /* EventModel.swift in Sources */ = {isa = PBXBuildFile; fileRef = 1A2B3C4D5E6F7890ABCD1243 /* EventModel.swift */; };
		1A2B3C4D5E6F7890ABCD1244 /* Assets.xcassets in Resources */ = {isa = PBXBuildFile; fileRef = 1A2B3C4D5E6F7890ABCD1245 /* Assets.xcassets */; };
		1A2B3C4D5E6F7890ABCD1246 /* Preview Assets.xcassets in Resources */ = {isa = PBXBuildFile; fileRef = 1A2B3C4D5E6F7890ABCD1247 /* Preview Assets.xcassets */; };
		1A2B3C4D5E6F7890ABCD1260 /* EventEditView.swift in Sources */ = {isa = PBXBuildFile; fileRef = 1A2B3C4D5E6F7890ABCD1261 /* EventEditView.swift */; };
		A24C640CC4FC40E796D84059 /* SystemEvent.swift in Sources */ = {isa = PBXBuildFile; fileRef = 004107185AAF4BDA9CCB5836 /* SystemEvent.swift */; };
		A3435E05B21C4C38A4423D0F /* ActivityMonitorManager.swift in Sources */ = {isa = PBXBuildFile; fileRef = 7D069E42CBED4E2781ECAE2E /* ActivityMonitorManager.swift */; };
		APPICON001122334455667788 /* AppIconManager.swift in Sources */ = {isa = PBXBuildFile; fileRef = APPICON001122334455667799 /* AppIconManager.swift */; };
		AUTH001122334455667788AA /* AuthManager.swift in Sources */ = {isa = PBXBuildFile; fileRef = AUTH001122334455667788BB /* AuthManager.swift */; };
		AUTHV01122334455667788AA /* AuthenticationView.swift in Sources */ = {isa = PBXBuildFile; fileRef = AUTHV01122334455667788BB /* AuthenticationView.swift */; };
		BC37C01153C14ED6B4BAACF8 /* ActivityStatsView.swift in Sources */ = {isa = PBXBuildFile; fileRef = 60283F027D8544698FF2E487 /* ActivityStatsView.swift */; };
		BEAC969A37E845D78BCE206B /* ActivitySettingsView.swift in Sources */ = {isa = PBXBuildFile; fileRef = 78FA65102F254A899C99BA8B /* ActivitySettingsView.swift */; };
		CF68A3113A0F4840B711F051 /* SystemEventMonitor.swift in Sources */ = {isa = PBXBuildFile; fileRef = 458E31C0939E43B3A7E61D11 /* SystemEventMonitor.swift */; };
		COLEXT1122334455667788AA /* Color+CrossPlatform.swift in Sources */ = {isa = PBXBuildFile; fileRef = COLEXT1122334455667788BB /* Color+CrossPlatform.swift */; };
		FB93F2FB28B44882B2A81A29 /* SystemEventStore.swift in Sources */ = {isa = PBXBuildFile; fileRef = 893D3210DAE24EB3B76D4D5B /* SystemEventStore.swift */; };
		MENUBAR001122334455667788 /* MenuBarManager.swift in Sources */ = {isa = PBXBuildFile; fileRef = MENUBAR001122334455667799 /* MenuBarManager.swift */; };
		PERM001122334455667788AA /* PermissionRequestAlert.swift in Sources */ = {isa = PBXBuildFile; fileRef = PERM001122334455667788BB /* PermissionRequestAlert.swift */; };
		SMART001122334455667788 /* SmartReminderManager.swift in Sources */ = {isa = PBXBuildFile; fileRef = SMART001122334455667799 /* SmartReminderManager.swift */; };
		SMARTD01122334455667788 /* SmartReminderDialog.swift in Sources */ = {isa = PBXBuildFile; fileRef = SMARTD01122334455667799 /* SmartReminderDialog.swift */; };
		SMARTW01122334455667788 /* SmartReminderWindowManager.swift in Sources */ = {isa = PBXBuildFile; fileRef = SMARTW01122334455667799 /* SmartReminderWindowManager.swift */; };
		SOUND001122334455667788 /* SoundEffectManager.swift in Sources */ = {isa = PBXBuildFile; fileRef = SOUND001122334455667799 /* SoundEffectManager.swift */; };
		SYNC001122334455667788AA /* SyncManager.swift in Sources */ = {isa = PBXBuildFile; fileRef = SYNC001122334455667788BB /* SyncManager.swift */; };
		SYNC001122334455667788CC /* SyncView.swift in Sources */ = {isa = PBXBuildFile; fileRef = SYNC001122334455667788DD /* SyncView.swift */; };
		SYNC001122334455667788EE /* APIClient.swift in Sources */ = {isa = PBXBuildFile; fileRef = SYNC001122334455667788FF /* APIClient.swift */; };
		THREAD001122334455667788 /* ThreadSafetyUtils.swift in Sources */ = {isa = PBXBuildFile; fileRef = THREAD001122334455667799 /* ThreadSafetyUtils.swift */; };
		WINDOW01122334455667788 /* WindowManager.swift in Sources */ = {isa = PBXBuildFile; fileRef = WINDOW01122334455667799 /* WindowManager.swift */; };
		MENUPOP001122334455667788 /* MenuBarPopoverView.swift in Sources */ = {isa = PBXBuildFile; fileRef = MENUPOP001122334455667799 /* MenuBarPopoverView.swift */; };
		WEEKSBAR001122334455667788 /* WeekSidebarStats.swift in Sources */ = {isa = PBXBuildFile; fileRef = WEEKSBAR001122334455667799 /* WeekSidebarStats.swift */; };
		MONTHSBAR001122334455667788 /* MonthSidebarStats.swift in Sources */ = {isa = PBXBuildFile; fileRef = MONTHSBAR001122334455667799 /* MonthSidebarStats.swift */; };
		GHOTKEY001122334455667788 /* GlobalHotKeyManager.swift in Sources */ = {isa = PBXBuildFile; fileRef = GHOTKEY001122334455667799 /* GlobalHotKeyManager.swift */; };
/* End PBXBuildFile section */

/* Begin PBXFileReference section */
		004107185AAF4BDA9CCB5836 /* SystemEvent.swift */ = {isa = PBXFileReference; lastKnownFileType = sourcecode.swift; path = SystemEvent.swift; sourceTree = "<group>"; };
		1A2B3C4D5E6F7890ABCD1235 /* LifeTimerApp.swift */ = {isa = PBXFileReference; lastKnownFileType = sourcecode.swift; path = LifeTimerApp.swift; sourceTree = "<group>"; };
		1A2B3C4D5E6F7890ABCD1237 /* ContentView.swift */ = {isa = PBXFileReference; lastKnownFileType = sourcecode.swift; path = ContentView.swift; sourceTree = "<group>"; };
		1A2B3C4D5E6F7890ABCD1239 /* TimerView.swift */ = {isa = PBXFileReference; lastKnownFileType = sourcecode.swift; path = TimerView.swift; sourceTree = "<group>"; };
		1A2B3C4D5E6F7890ABCD123B /* CalendarView.swift */ = {isa = PBXFileReference; lastKnownFileType = sourcecode.swift; path = CalendarView.swift; sourceTree = "<group>"; };
		1A2B3C4D5E6F7890ABCD123D /* SettingsView.swift */ = {isa = PBXFileReference; lastKnownFileType = sourcecode.swift; path = SettingsView.swift; sourceTree = "<group>"; };
		1A2B3C4D5E6F7890ABCD123F /* TimerModel.swift */ = {isa = PBXFileReference; lastKnownFileType = sourcecode.swift; path = TimerModel.swift; sourceTree = "<group>"; };
		1A2B3C4D5E6F7890ABCD1241 /* AudioManager.swift */ = {isa = PBXFileReference; lastKnownFileType = sourcecode.swift; path = AudioManager.swift; sourceTree = "<group>"; };
		1A2B3C4D5E6F7890ABCD1243 /* EventModel.swift */ = {isa = PBXFileReference; lastKnownFileType = sourcecode.swift; path = EventModel.swift; sourceTree = "<group>"; };
		1A2B3C4D5E6F7890ABCD1245 /* Assets.xcassets */ = {isa = PBXFileReference; lastKnownFileType = folder.assetcatalog; path = Assets.xcassets; sourceTree = "<group>"; };
		1A2B3C4D5E6F7890ABCD1247 /* Preview Assets.xcassets */ = {isa = PBXFileReference; lastKnownFileType = folder.assetcatalog; path = "Preview Assets.xcassets"; sourceTree = "<group>"; };
		1A2B3C4D5E6F7890ABCD1248 /* LifeTimer.app */ = {isa = PBXFileReference; explicitFileType = wrapper.application; includeInIndex = 0; path = LifeTimer.app; sourceTree = BUILT_PRODUCTS_DIR; };
		1A2B3C4D5E6F7890ABCD1249 /* LifeTimer.entitlements */ = {isa = PBXFileReference; lastKnownFileType = text.plist.entitlements; path = LifeTimer.entitlements; sourceTree = "<group>"; };
		1A2B3C4D5E6F7890ABCD1261 /* EventEditView.swift */ = {isa = PBXFileReference; lastKnownFileType = sourcecode.swift; path = EventEditView.swift; sourceTree = "<group>"; };
		458E31C0939E43B3A7E61D11 /* SystemEventMonitor.swift */ = {isa = PBXFileReference; lastKnownFileType = sourcecode.swift; path = SystemEventMonitor.swift; sourceTree = "<group>"; };
		60283F027D8544698FF2E487 /* ActivityStatsView.swift */ = {isa = PBXFileReference; lastKnownFileType = sourcecode.swift; path = ActivityStatsView.swift; sourceTree = "<group>"; };
		78FA65102F254A899C99BA8B /* ActivitySettingsView.swift */ = {isa = PBXFileReference; lastKnownFileType = sourcecode.swift; path = ActivitySettingsView.swift; sourceTree = "<group>"; };
		7D069E42CBED4E2781ECAE2E /* ActivityMonitorManager.swift */ = {isa = PBXFileReference; lastKnownFileType = sourcecode.swift; path = ActivityMonitorManager.swift; sourceTree = "<group>"; };
		893D3210DAE24EB3B76D4D5B /* SystemEventStore.swift */ = {isa = PBXFileReference; lastKnownFileType = sourcecode.swift; path = SystemEventStore.swift; sourceTree = "<group>"; };
		APPICON001122334455667799 /* AppIconManager.swift */ = {isa = PBXFileReference; lastKnownFileType = sourcecode.swift; path = AppIconManager.swift; sourceTree = "<group>"; };
		AUTH001122334455667788BB /* AuthManager.swift */ = {isa = PBXFileReference; lastKnownFileType = sourcecode.swift; path = AuthManager.swift; sourceTree = "<group>"; };
		AUTHV01122334455667788BB /* AuthenticationView.swift */ = {isa = PBXFileReference; lastKnownFileType = sourcecode.swift; path = AuthenticationView.swift; sourceTree = "<group>"; };
		COLEXT1122334455667788BB /* Color+CrossPlatform.swift */ = {isa = PBXFileReference; lastKnownFileType = sourcecode.swift; path = "Color+CrossPlatform.swift"; sourceTree = "<group>"; };
		MENUBAR001122334455667799 /* MenuBarManager.swift */ = {isa = PBXFileReference; lastKnownFileType = sourcecode.swift; path = MenuBarManager.swift; sourceTree = "<group>"; };
		PERM001122334455667788BB /* PermissionRequestAlert.swift */ = {isa = PBXFileReference; lastKnownFileType = sourcecode.swift; path = PermissionRequestAlert.swift; sourceTree = "<group>"; };
		SMART001122334455667799 /* SmartReminderManager.swift */ = {isa = PBXFileReference; lastKnownFileType = sourcecode.swift; path = SmartReminderManager.swift; sourceTree = "<group>"; };
		SMARTD01122334455667799 /* SmartReminderDialog.swift */ = {isa = PBXFileReference; lastKnownFileType = sourcecode.swift; path = SmartReminderDialog.swift; sourceTree = "<group>"; };
		SMARTW01122334455667799 /* SmartReminderWindowManager.swift */ = {isa = PBXFileReference; lastKnownFileType = sourcecode.swift; path = SmartReminderWindowManager.swift; sourceTree = "<group>"; };
		SOUND001122334455667799 /* SoundEffectManager.swift */ = {isa = PBXFileReference; lastKnownFileType = sourcecode.swift; path = SoundEffectManager.swift; sourceTree = "<group>"; };
		SYNC001122334455667788BB /* SyncManager.swift */ = {isa = PBXFileReference; lastKnownFileType = sourcecode.swift; path = SyncManager.swift; sourceTree = "<group>"; };
		SYNC001122334455667788DD /* SyncView.swift */ = {isa = PBXFileReference; lastKnownFileType = sourcecode.swift; path = SyncView.swift; sourceTree = "<group>"; };
		SYNC001122334455667788FF /* APIClient.swift */ = {isa = PBXFileReference; lastKnownFileType = sourcecode.swift; path = APIClient.swift; sourceTree = "<group>"; };
		THREAD001122334455667799 /* ThreadSafetyUtils.swift */ = {isa = PBXFileReference; lastKnownFileType = sourcecode.swift; path = ThreadSafetyUtils.swift; sourceTree = "<group>"; };
		WINDOW01122334455667799 /* WindowManager.swift */ = {isa = PBXFileReference; lastKnownFileType = sourcecode.swift; path = WindowManager.swift; sourceTree = "<group>"; };
		MENUPOP001122334455667799 /* MenuBarPopoverView.swift */ = {isa = PBXFileReference; lastKnownFileType = sourcecode.swift; path = MenuBarPopoverView.swift; sourceTree = "<group>"; };
		WEEKSBAR001122334455667799 /* WeekSidebarStats.swift */ = {isa = PBXFileReference; lastKnownFileType = sourcecode.swift; path = WeekSidebarStats.swift; sourceTree = "<group>"; };
		MONTHSBAR001122334455667799 /* MonthSidebarStats.swift */ = {isa = PBXFileReference; lastKnownFileType = sourcecode.swift; path = MonthSidebarStats.swift; sourceTree = "<group>"; };
		GHOTKEY001122334455667799 /* GlobalHotKeyManager.swift */ = {isa = PBXFileReference; lastKnownFileType = sourcecode.swift; path = GlobalHotKeyManager.swift; sourceTree = "<group>"; };
/* End PBXFileReference section */

/* Begin PBXFrameworksBuildPhase section */
		1A2B3C4D5E6F7890ABCD124A /* Frameworks */ = {
			isa = PBXFrameworksBuildPhase;
			buildActionMask = 2147483647;
			files = (
			);
			runOnlyForDeploymentPostprocessing = 0;
		};
/* End PBXFrameworksBuildPhase section */

/* Begin PBXGroup section */
		1A2B3C4D5E6F7890ABCD124B = {
			isa = PBXGroup;
			children = (
				1A2B3C4D5E6F7890ABCD124C /* LifeTimer */,
				1A2B3C4D5E6F7890ABCD124D /* Products */,
			);
			sourceTree = "<group>";
		};
		1A2B3C4D5E6F7890ABCD124C /* LifeTimer */ = {
			isa = PBXGroup;
			children = (
				1A2B3C4D5E6F7890ABCD1235 /* LifeTimerApp.swift */,
				1A2B3C4D5E6F7890ABCD124E /* Views */,
				1A2B3C4D5E6F7890ABCD124F /* Models */,
				1A2B3C4D5E6F7890ABCD1250 /* Managers */,
				UTILS001122334455667799 /* Utils */,
				EXTENS1122334455667788CC /* Extensions */,
				1A2B3C4D5E6F7890ABCD1245 /* Assets.xcassets */,
				1A2B3C4D5E6F7890ABCD1249 /* LifeTimer.entitlements */,
				1A2B3C4D5E6F7890ABCD1251 /* Preview Content */,
			);
			path = LifeTimer;
			sourceTree = "<group>";
		};
		1A2B3C4D5E6F7890ABCD124D /* Products */ = {
			isa = PBXGroup;
			children = (
				1A2B3C4D5E6F7890ABCD1248 /* LifeTimer.app */,
			);
			name = Products;
			sourceTree = "<group>";
		};
		1A2B3C4D5E6F7890ABCD124E /* Views */ = {
			isa = PBXGroup;
			children = (
				1A2B3C4D5E6F7890ABCD1237 /* ContentView.swift */,
				1A2B3C4D5E6F7890ABCD1239 /* TimerView.swift */,
				1A2B3C4D5E6F7890ABCD123B /* CalendarView.swift */,
				1A2B3C4D5E6F7890ABCD123D /* SettingsView.swift */,
				1A2B3C4D5E6F7890ABCD1261 /* EventEditView.swift */,
				SMARTD01122334455667799 /* SmartReminderDialog.swift */,
				60283F027D8544698FF2E487 /* ActivityStatsView.swift */,
				78FA65102F254A899C99BA8B /* ActivitySettingsView.swift */,
				PERM001122334455667788BB /* PermissionRequestAlert.swift */,
				SYNC001122334455667788DD /* SyncView.swift */,
				AUTHV01122334455667788BB /* AuthenticationView.swift */,
				MENUPOP001122334455667799 /* MenuBarPopoverView.swift */,
				WEEKSBAR001122334455667799 /* WeekSidebarStats.swift */,
				MONTHSBAR001122334455667799 /* MonthSidebarStats.swift */,
			);
			path = Views;
			sourceTree = "<group>";
		};
		1A2B3C4D5E6F7890ABCD124F /* Models */ = {
			isa = PBXGroup;
			children = (
				1A2B3C4D5E6F7890ABCD123F /* TimerModel.swift */,
				1A2B3C4D5E6F7890ABCD1243 /* EventModel.swift */,
				004107185AAF4BDA9CCB5836 /* SystemEvent.swift */,
			);
			path = Models;
			sourceTree = "<group>";
		};
		1A2B3C4D5E6F7890ABCD1250 /* Managers */ = {
			isa = PBXGroup;
			children = (
				1A2B3C4D5E6F7890ABCD1241 /* AudioManager.swift */,
				SOUND001122334455667799 /* SoundEffectManager.swift */,
				APPICON001122334455667799 /* AppIconManager.swift */,
				MENUBAR001122334455667799 /* MenuBarManager.swift */,
				SMART001122334455667799 /* SmartReminderManager.swift */,
				SMARTW01122334455667799 /* SmartReminderWindowManager.swift */,
				WINDOW01122334455667799 /* WindowManager.swift */,
				893D3210DAE24EB3B76D4D5B /* SystemEventStore.swift */,
				458E31C0939E43B3A7E61D11 /* SystemEventMonitor.swift */,
				7D069E42CBED4E2781ECAE2E /* ActivityMonitorManager.swift */,
				SYNC001122334455667788BB /* SyncManager.swift */,
				SYNC001122334455667788FF /* APIClient.swift */,
				AUTH001122334455667788BB /* AuthManager.swift */,
				GHOTKEY001122334455667799 /* GlobalHotKeyManager.swift */,
			);
			path = Managers;
			sourceTree = "<group>";
		};
		1A2B3C4D5E6F7890ABCD1251 /* Preview Content */ = {
			isa = PBXGroup;
			children = (
				1A2B3C4D5E6F7890ABCD1247 /* Preview Assets.xcassets */,
			);
			path = "Preview Content";
			sourceTree = "<group>";
		};
		UTILS001122334455667799 /* Utils */ = {
			isa = PBXGroup;
			children = (
				THREAD001122334455667799 /* ThreadSafetyUtils.swift */,
			);
			path = Utils;
			sourceTree = "<group>";
		};
		EXTENS1122334455667788CC /* Extensions */ = {
			isa = PBXGroup;
			children = (
				COLEXT1122334455667788BB /* Color+CrossPlatform.swift */,
			);
			path = Extensions;
			sourceTree = "<group>";
		};
/* End PBXGroup section */

/* Begin PBXNativeTarget section */
		1A2B3C4D5E6F7890ABCD1252 /* LifeTimer */ = {
			isa = PBXNativeTarget;
			buildConfigurationList = 1A2B3C4D5E6F7890ABCD1253 /* Build configuration list for PBXNativeTarget "LifeTimer" */;
			buildPhases = (
				1A2B3C4D5E6F7890ABCD1254 /* Sources */,
				1A2B3C4D5E6F7890ABCD124A /* Frameworks */,
				1A2B3C4D5E6F7890ABCD1255 /* Resources */,
			);
			buildRules = (
			);
			dependencies = (
			);
			name = LifeTimer;
			productName = LifeTimer;
			productReference = 1A2B3C4D5E6F7890ABCD1248 /* LifeTimer.app */;
			productType = "com.apple.product-type.application";
		};
/* End PBXNativeTarget section */

/* Begin PBXProject section */
		1A2B3C4D5E6F7890ABCD1256 /* Project object */ = {
			isa = PBXProject;
			attributes = {
				BuildIndependentTargetsInParallel = 1;
				LastSwiftUpdateCheck = 1500;
				LastUpgradeCheck = 1500;
				TargetAttributes = {
					1A2B3C4D5E6F7890ABCD1252 = {
						CreatedOnToolsVersion = 15.0;
					};
				};
			};
			buildConfigurationList = 1A2B3C4D5E6F7890ABCD1257 /* Build configuration list for PBXProject "LifeTimer" */;
			compatibilityVersion = "Xcode 14.0";
			developmentRegion = en;
			hasScannedForEncodings = 0;
			knownRegions = (
				en,
				Base,
			);
			mainGroup = 1A2B3C4D5E6F7890ABCD124B;
			productRefGroup = 1A2B3C4D5E6F7890ABCD124D /* Products */;
			projectDirPath = "";
			projectRoot = "";
			targets = (
				1A2B3C4D5E6F7890ABCD1252 /* LifeTimer */,
			);
		};
/* End PBXProject section */

/* Begin PBXResourcesBuildPhase section */
		1A2B3C4D5E6F7890ABCD1255 /* Resources */ = {
			isa = PBXResourcesBuildPhase;
			buildActionMask = 2147483647;
			files = (
				1A2B3C4D5E6F7890ABCD1246 /* Preview Assets.xcassets in Resources */,
				1A2B3C4D5E6F7890ABCD1244 /* Assets.xcassets in Resources */,
			);
			runOnlyForDeploymentPostprocessing = 0;
		};
/* End PBXResourcesBuildPhase section */

/* Begin PBXSourcesBuildPhase section */
		1A2B3C4D5E6F7890ABCD1254 /* Sources */ = {
			isa = PBXSourcesBuildPhase;
			buildActionMask = 2147483647;
			files = (
				1A2B3C4D5E6F7890ABCD1236 /* ContentView.swift in Sources */,
				1A2B3C4D5E6F7890ABCD1238 /* TimerView.swift in Sources */,
				1A2B3C4D5E6F7890ABCD123A /* CalendarView.swift in Sources */,
				1A2B3C4D5E6F7890ABCD123C /* SettingsView.swift in Sources */,
				1A2B3C4D5E6F7890ABCD1260 /* EventEditView.swift in Sources */,
				1A2B3C4D5E6F7890ABCD123E /* TimerModel.swift in Sources */,
				1A2B3C4D5E6F7890ABCD1240 /* AudioManager.swift in Sources */,
				SOUND001122334455667788 /* SoundEffectManager.swift in Sources */,
				APPICON001122334455667788 /* AppIconManager.swift in Sources */,
				MENUBAR001122334455667788 /* MenuBarManager.swift in Sources */,
				SMART001122334455667788 /* SmartReminderManager.swift in Sources */,
				SMARTW01122334455667788 /* SmartReminderWindowManager.swift in Sources */,
				WINDOW01122334455667788 /* WindowManager.swift in Sources */,
				SMARTD01122334455667788 /* SmartReminderDialog.swift in Sources */,
				1A2B3C4D5E6F7890ABCD1242 /* EventModel.swift in Sources */,
				1A2B3C4D5E6F7890ABCD1234 /* LifeTimerApp.swift in Sources */,
				A24C640CC4FC40E796D84059 /* SystemEvent.swift in Sources */,
				FB93F2FB28B44882B2A81A29 /* SystemEventStore.swift in Sources */,
				CF68A3113A0F4840B711F051 /* SystemEventMonitor.swift in Sources */,
				A3435E05B21C4C38A4423D0F /* ActivityMonitorManager.swift in Sources */,
				BC37C01153C14ED6B4BAACF8 /* ActivityStatsView.swift in Sources */,
				BEAC969A37E845D78BCE206B /* ActivitySettingsView.swift in Sources */,
				PERM001122334455667788AA /* PermissionRequestAlert.swift in Sources */,
				SYNC001122334455667788AA /* SyncManager.swift in Sources */,
				SYNC001122334455667788CC /* SyncView.swift in Sources */,
				SYNC001122334455667788EE /* APIClient.swift in Sources */,
				THREAD001122334455667788 /* ThreadSafetyUtils.swift in Sources */,
				AUTH001122334455667788AA /* AuthManager.swift in Sources */,
				AUTHV01122334455667788AA /* AuthenticationView.swift in Sources */,
				COLEXT1122334455667788AA /* Color+CrossPlatform.swift in Sources */,
				MENUPOP001122334455667788 /* MenuBarPopoverView.swift in Sources */,
				WEEKSBAR001122334455667788 /* WeekSidebarStats.swift in Sources */,
				MONTHSBAR001122334455667788 /* MonthSidebarStats.swift in Sources */,
				GHOTKEY001122334455667788 /* GlobalHotKeyManager.swift in Sources */,
			);
			runOnlyForDeploymentPostprocessing = 0;
		};
/* End PBXSourcesBuildPhase section */

/* Begin XCBuildConfiguration section */
		1A2B3C4D5E6F7890ABCD1258 /* Debug */ = {
			isa = XCBuildConfiguration;
			buildSettings = {
				ALWAYS_SEARCH_USER_PATHS = NO;
				CLANG_ANALYZER_NONNULL = YES;
				CLANG_ANALYZER_NUMBER_OBJECT_CONVERSION = YES_AGGRESSIVE;
				CLANG_CXX_LANGUAGE_STANDARD = "gnu++20";
				CLANG_ENABLE_MODULES = YES;
				CLANG_ENABLE_OBJC_ARC = YES;
				CLANG_ENABLE_OBJC_WEAK = YES;
				CLANG_WARN_BLOCK_CAPTURE_AUTORELEASING = YES;
				CLANG_WARN_BOOL_CONVERSION = YES;
				CLANG_WARN_COMMA = YES;
				CLANG_WARN_CONSTANT_CONVERSION = YES;
				CLANG_WARN_DEPRECATED_OBJC_IMPLEMENTATIONS = YES;
				CLANG_WARN_DIRECT_OBJC_ISA_USAGE = YES_ERROR;
				CLANG_WARN_DOCUMENTATION_COMMENTS = YES;
				CLANG_WARN_EMPTY_BODY = YES;
				CLANG_WARN_ENUM_CONVERSION = YES;
				CLANG_WARN_INFINITE_RECURSION = YES;
				CLANG_WARN_INT_CONVERSION = YES;
				CLANG_WARN_NON_LITERAL_NULL_CONVERSION = YES;
				CLANG_WARN_OBJC_IMPLICIT_RETAIN_SELF = YES;
				CLANG_WARN_OBJC_LITERAL_CONVERSION = YES;
				CLANG_WARN_OBJC_ROOT_CLASS = YES_ERROR;
				CLANG_WARN_QUOTED_INCLUDE_IN_FRAMEWORK_HEADER = YES;
				CLANG_WARN_RANGE_LOOP_ANALYSIS = YES;
				CLANG_WARN_STRICT_PROTOTYPES = YES;
				CLANG_WARN_SUSPICIOUS_MOVE = YES;
				CLANG_WARN_UNGUARDED_AVAILABILITY = YES_AGGRESSIVE;
				CLANG_WARN_UNREACHABLE_CODE = YES;
				CLANG_WARN__DUPLICATE_METHOD_MATCH = YES;
				COPY_PHASE_STRIP = NO;
				DEBUG_INFORMATION_FORMAT = dwarf;
				ENABLE_STRICT_OBJC_MSGSEND = YES;
				ENABLE_TESTABILITY = YES;
				GCC_C_LANGUAGE_STANDARD = gnu11;
				GCC_DYNAMIC_NO_PIC = NO;
				GCC_NO_COMMON_BLOCKS = YES;
				GCC_OPTIMIZATION_LEVEL = 0;
				GCC_PREPROCESSOR_DEFINITIONS = (
					"DEBUG=1",
					"$(inherited)",
				);
				GCC_WARN_64_TO_32_BIT_CONVERSION = YES;
				GCC_WARN_ABOUT_RETURN_TYPE = YES_ERROR;
				GCC_WARN_UNDECLARED_SELECTOR = YES;
				GCC_WARN_UNINITIALIZED_AUTOS = YES_AGGRESSIVE;
				GCC_WARN_UNUSED_FUNCTION = YES;
				GCC_WARN_UNUSED_VARIABLE = YES;
				IPHONEOS_DEPLOYMENT_TARGET = 16.0;
				MACOSX_DEPLOYMENT_TARGET = 13.0;
				MTL_ENABLE_DEBUG_INFO = INCLUDE_SOURCE;
				MTL_FAST_MATH = YES;
				ONLY_ACTIVE_ARCH = YES;
				SWIFT_ACTIVE_COMPILATION_CONDITIONS = DEBUG;
				SWIFT_OPTIMIZATION_LEVEL = "-Onone";
			};
			name = Debug;
		};
		1A2B3C4D5E6F7890ABCD1259 /* Release */ = {
			isa = XCBuildConfiguration;
			buildSettings = {
				ALWAYS_SEARCH_USER_PATHS = NO;
				CLANG_ANALYZER_NONNULL = YES;
				CLANG_ANALYZER_NUMBER_OBJECT_CONVERSION = YES_AGGRESSIVE;
				CLANG_CXX_LANGUAGE_STANDARD = "gnu++20";
				CLANG_ENABLE_MODULES = YES;
				CLANG_ENABLE_OBJC_ARC = YES;
				CLANG_ENABLE_OBJC_WEAK = YES;
				CLANG_WARN_BLOCK_CAPTURE_AUTORELEASING = YES;
				CLANG_WARN_BOOL_CONVERSION = YES;
				CLANG_WARN_COMMA = YES;
				CLANG_WARN_CONSTANT_CONVERSION = YES;
				CLANG_WARN_DEPRECATED_OBJC_IMPLEMENTATIONS = YES;
				CLANG_WARN_DIRECT_OBJC_ISA_USAGE = YES_ERROR;
				CLANG_WARN_DOCUMENTATION_COMMENTS = YES;
				CLANG_WARN_EMPTY_BODY = YES;
				CLANG_WARN_ENUM_CONVERSION = YES;
				CLANG_WARN_INFINITE_RECURSION = YES;
				CLANG_WARN_INT_CONVERSION = YES;
				CLANG_WARN_NON_LITERAL_NULL_CONVERSION = YES;
				CLANG_WARN_OBJC_IMPLICIT_RETAIN_SELF = YES;
				CLANG_WARN_OBJC_LITERAL_CONVERSION = YES;
				CLANG_WARN_OBJC_ROOT_CLASS = YES_ERROR;
				CLANG_WARN_QUOTED_INCLUDE_IN_FRAMEWORK_HEADER = YES;
				CLANG_WARN_RANGE_LOOP_ANALYSIS = YES;
				CLANG_WARN_STRICT_PROTOTYPES = YES;
				CLANG_WARN_SUSPICIOUS_MOVE = YES;
				CLANG_WARN_UNGUARDED_AVAILABILITY = YES_AGGRESSIVE;
				CLANG_WARN_UNREACHABLE_CODE = YES;
				CLANG_WARN__DUPLICATE_METHOD_MATCH = YES;
				COPY_PHASE_STRIP = NO;
				DEBUG_INFORMATION_FORMAT = "dwarf-with-dsym";
				ENABLE_NS_ASSERTIONS = NO;
				ENABLE_STRICT_OBJC_MSGSEND = YES;
				GCC_C_LANGUAGE_STANDARD = gnu11;
				GCC_NO_COMMON_BLOCKS = YES;
				GCC_WARN_64_TO_32_BIT_CONVERSION = YES;
				GCC_WARN_ABOUT_RETURN_TYPE = YES_ERROR;
				GCC_WARN_UNDECLARED_SELECTOR = YES;
				GCC_WARN_UNINITIALIZED_AUTOS = YES_AGGRESSIVE;
				GCC_WARN_UNUSED_FUNCTION = YES;
				GCC_WARN_UNUSED_VARIABLE = YES;
				IPHONEOS_DEPLOYMENT_TARGET = 16.0;
				MACOSX_DEPLOYMENT_TARGET = 13.0;
				MTL_ENABLE_DEBUG_INFO = NO;
				MTL_FAST_MATH = YES;
				SWIFT_COMPILATION_MODE = wholemodule;
				SWIFT_OPTIMIZATION_LEVEL = "-O";
			};
			name = Release;
		};
		1A2B3C4D5E6F7890ABCD125A /* Debug */ = {
			isa = XCBuildConfiguration;
			buildSettings = {
				ASSETCATALOG_COMPILER_APPICON_NAME = AppIcon;
				ASSETCATALOG_COMPILER_GLOBAL_ACCENT_COLOR_NAME = AccentColor;
				CODE_SIGN_ENTITLEMENTS = LifeTimer/LifeTimer.entitlements;
				"CODE_SIGN_IDENTITY[sdk=macosx*]" = "-";
				CODE_SIGN_STYLE = Automatic;
				CURRENT_PROJECT_VERSION = 2;
				DEVELOPMENT_ASSET_PATHS = "\"LifeTimer/Preview Content\"";
				DEVELOPMENT_TEAM = "";
				ENABLE_HARDENED_RUNTIME = YES;
				ENABLE_PREVIEWS = YES;
				GENERATE_INFOPLIST_FILE = YES;
				INFOPLIST_KEY_CFBundleDisplayName = LifeTimer;
				INFOPLIST_KEY_LSApplicationCategoryType = "public.app-category.productivity";
				INFOPLIST_KEY_UIApplicationSceneManifest_Generation = YES;
				INFOPLIST_KEY_UIApplicationSupportsIndirectInputEvents = YES;
				INFOPLIST_KEY_UILaunchScreen_Generation = YES;
				INFOPLIST_KEY_UISupportedInterfaceOrientations_iPad = "UIInterfaceOrientationPortrait UIInterfaceOrientationPortraitUpsideDown UIInterfaceOrientationLandscapeLeft UIInterfaceOrientationLandscapeRight";
				INFOPLIST_KEY_UISupportedInterfaceOrientations_iPhone = "UIInterfaceOrientationPortrait UIInterfaceOrientationLandscapeLeft UIInterfaceOrientationLandscapeRight";
				IPHONEOS_DEPLOYMENT_TARGET = 16.0;
				LD_RUNPATH_SEARCH_PATHS = (
					"$(inherited)",
					"@executable_path/Frameworks",
				);
				MACOSX_DEPLOYMENT_TARGET = 13.0;
				MARKETING_VERSION = 1.1;
				PRODUCT_BUNDLE_IDENTIFIER = com.ihewro.LifeTimer;
				PRODUCT_NAME = "$(TARGET_NAME)";
				SUPPORTED_PLATFORMS = "iphoneos iphonesimulator macosx";
				SUPPORTS_MACCATALYST = NO;
				SUPPORTS_MAC_DESIGNED_FOR_IPHONE_IPAD = NO;
				SWIFT_EMIT_LOC_STRINGS = YES;
				SWIFT_VERSION = 5.0;
				TARGETED_DEVICE_FAMILY = "1,2";
			};
			name = Debug;
		};
		1A2B3C4D5E6F7890ABCD125B /* Release */ = {
			isa = XCBuildConfiguration;
			buildSettings = {
				ASSETCATALOG_COMPILER_APPICON_NAME = AppIcon;
				ASSETCATALOG_COMPILER_GLOBAL_ACCENT_COLOR_NAME = AccentColor;
				CODE_SIGN_ENTITLEMENTS = LifeTimer/LifeTimer.entitlements;
				"CODE_SIGN_IDENTITY[sdk=macosx*]" = "-";
				CODE_SIGN_STYLE = Automatic;
				CURRENT_PROJECT_VERSION = 2;
				DEVELOPMENT_ASSET_PATHS = "\"LifeTimer/Preview Content\"";
				DEVELOPMENT_TEAM = "";
				ENABLE_HARDENED_RUNTIME = YES;
				ENABLE_PREVIEWS = YES;
				GENERATE_INFOPLIST_FILE = YES;
				INFOPLIST_KEY_CFBundleDisplayName = LifeTimer;
				INFOPLIST_KEY_LSApplicationCategoryType = "public.app-category.productivity";
				INFOPLIST_KEY_UIApplicationSceneManifest_Generation = YES;
				INFOPLIST_KEY_UIApplicationSupportsIndirectInputEvents = YES;
				INFOPLIST_KEY_UILaunchScreen_Generation = YES;
				INFOPLIST_KEY_UISupportedInterfaceOrientations_iPad = "UIInterfaceOrientationPortrait UIInterfaceOrientationPortraitUpsideDown UIInterfaceOrientationLandscapeLeft UIInterfaceOrientationLandscapeRight";
				INFOPLIST_KEY_UISupportedInterfaceOrientations_iPhone = "UIInterfaceOrientationPortrait UIInterfaceOrientationLandscapeLeft UIInterfaceOrientationLandscapeRight";
				IPHONEOS_DEPLOYMENT_TARGET = 16.0;
				LD_RUNPATH_SEARCH_PATHS = (
					"$(inherited)",
					"@executable_path/Frameworks",
				);
				MACOSX_DEPLOYMENT_TARGET = 13.0;
				MARKETING_VERSION = 1.1;
				PRODUCT_BUNDLE_IDENTIFIER = com.ihewro.LifeTimer;
				PRODUCT_NAME = "$(TARGET_NAME)";
				SUPPORTED_PLATFORMS = "iphoneos iphonesimulator macosx";
				SUPPORTS_MACCATALYST = NO;
				SUPPORTS_MAC_DESIGNED_FOR_IPHONE_IPAD = NO;
				SWIFT_EMIT_LOC_STRINGS = YES;
				SWIFT_VERSION = 5.0;
				TARGETED_DEVICE_FAMILY = "1,2";
			};
			name = Release;
		};
/* End XCBuildConfiguration section */

/* Begin XCConfigurationList section */
		1A2B3C4D5E6F7890ABCD1253 /* Build configuration list for PBXNativeTarget "LifeTimer" */ = {
			isa = XCConfigurationList;
			buildConfigurations = (
				1A2B3C4D5E6F7890ABCD125A /* Debug */,
				1A2B3C4D5E6F7890ABCD125B /* Release */,
			);
			defaultConfigurationIsVisible = 0;
			defaultConfigurationName = Release;
		};
		1A2B3C4D5E6F7890ABCD1257 /* Build configuration list for PBXProject "LifeTimer" */ = {
			isa = XCConfigurationList;
			buildConfigurations = (
				1A2B3C4D5E6F7890ABCD1258 /* Debug */,
				1A2B3C4D5E6F7890ABCD1259 /* Release */,
			);
			defaultConfigurationIsVisible = 0;
			defaultConfigurationName = Release;
		};
/* End XCConfigurationList section */
	};
	rootObject = 1A2B3C4D5E6F7890ABCD1256 /* Project object */;
}
